// !$*UTF8*$!
{
	archiveVersion = 1;
	classes = {
	};
	objectVersion = 56;
	objects = {

/* Begin PBXBuildFile section */
		FD22D42E28910251003B1E57 /* AppDelegate.swift in Sources */ = {isa = PBXBuildFile; fileRef = FD22D42D28910251003B1E57 /* AppDelegate.swift */; };
		FD22D43028910251003B1E57 /* SceneDelegate.swift in Sources */ = {isa = PBXBuildFile; fileRef = FD22D42F28910251003B1E57 /* SceneDelegate.swift */; };
		FD22D43228910251003B1E57 /* ViewController.swift in Sources */ = {isa = PBXBuildFile; fileRef = FD22D43128910251003B1E57 /* ViewController.swift */; };
		FD22D43528910251003B1E57 /* Main.storyboard in Resources */ = {isa = PBXBuildFile; fileRef = FD22D43328910251003B1E57 /* Main.storyboard */; };
		FD22D43728910253003B1E57 /* Assets.xcassets in Resources */ = {isa = PBXBuildFile; fileRef = FD22D43628910253003B1E57 /* Assets.xcassets */; };
		FD22D43A28910253003B1E57 /* LaunchScreen.storyboard in Resources */ = {isa = PBXBuildFile; fileRef = FD22D43828910253003B1E57 /* LaunchScreen.storyboard */; };
		FD3661282892703D00A469D4 /* WidgetKit.framework in Frameworks */ = {isa = PBXBuildFile; fileRef = FD22D447289105FB003B1E57 /* WidgetKit.framework */; };
		FD3661292892703D00A469D4 /* SwiftUI.framework in Frameworks */ = {isa = PBXBuildFile; fileRef = FD22D449289105FB003B1E57 /* SwiftUI.framework */; };
		FD36612C2892703D00A469D4 /* WidgetRockScreen.swift in Sources */ = {isa = PBXBuildFile; fileRef = FD36612B2892703D00A469D4 /* WidgetRockScreen.swift */; };
		FD36612F2892703E00A469D4 /* Assets.xcassets in Resources */ = {isa = PBXBuildFile; fileRef = FD36612E2892703E00A469D4 /* Assets.xcassets */; };
		FD3661312892703E00A469D4 /* WidgetRockScreen.intentdefinition in Sources */ = {isa = PBXBuildFile; fileRef = FD36612D2892703D00A469D4 /* WidgetRockScreen.intentdefinition */; };
		FD3661322892703E00A469D4 /* WidgetRockScreen.intentdefinition in Sources */ = {isa = PBXBuildFile; fileRef = FD36612D2892703D00A469D4 /* WidgetRockScreen.intentdefinition */; };
		FD3661352892703E00A469D4 /* WidgetRockScreenExtension.appex in Embed Foundation Extensions */ = {isa = PBXBuildFile; fileRef = FD3661272892703C00A469D4 /* WidgetRockScreenExtension.appex */; settings = {ATTRIBUTES = (RemoveHeadersOnCopy, ); }; };
/* End PBXBuildFile section */

/* Begin PBXContainerItemProxy section */
		FD3661332892703E00A469D4 /* PBXContainerItemProxy */ = {
			isa = PBXContainerItemProxy;
			containerPortal = FD22D42228910251003B1E57 /* Project object */;
			proxyType = 1;
			remoteGlobalIDString = FD3661262892703C00A469D4;
			remoteInfo = WidgetRockScreenExtension;
		};
/* End PBXContainerItemProxy section */

/* Begin PBXCopyFilesBuildPhase section */
		FD22D45A289105FD003B1E57 /* Embed Foundation Extensions */ = {
			isa = PBXCopyFilesBuildPhase;
			buildActionMask = 2147483647;
			dstPath = "";
			dstSubfolderSpec = 13;
			files = (
				FD3661352892703E00A469D4 /* WidgetRockScreenExtension.appex in Embed Foundation Extensions */,
			);
			name = "Embed Foundation Extensions";
			runOnlyForDeploymentPostprocessing = 0;
		};
/* End PBXCopyFilesBuildPhase section */

/* Begin PBXFileReference section */
		FD22D42A28910251003B1E57 /* RockScreenWidgetTest.app */ = {isa = PBXFileReference; explicitFileType = wrapper.application; includeInIndex = 0; path = RockScreenWidgetTest.app; sourceTree = BUILT_PRODUCTS_DIR; };
		FD22D42D28910251003B1E57 /* AppDelegate.swift */ = {isa = PBXFileReference; lastKnownFileType = sourcecode.swift; path = AppDelegate.swift; sourceTree = "<group>"; };
		FD22D42F28910251003B1E57 /* SceneDelegate.swift */ = {isa = PBXFileReference; lastKnownFileType = sourcecode.swift; path = SceneDelegate.swift; sourceTree = "<group>"; };
		FD22D43128910251003B1E57 /* ViewController.swift */ = {isa = PBXFileReference; lastKnownFileType = sourcecode.swift; path = ViewController.swift; sourceTree = "<group>"; };
		FD22D43428910251003B1E57 /* Base */ = {isa = PBXFileReference; lastKnownFileType = file.storyboard; name = Base; path = Base.lproj/Main.storyboard; sourceTree = "<group>"; };
		FD22D43628910253003B1E57 /* Assets.xcassets */ = {isa = PBXFileReference; lastKnownFileType = folder.assetcatalog; path = Assets.xcassets; sourceTree = "<group>"; };
		FD22D43928910253003B1E57 /* Base */ = {isa = PBXFileReference; lastKnownFileType = file.storyboard; name = Base; path = Base.lproj/LaunchScreen.storyboard; sourceTree = "<group>"; };
		FD22D43B28910253003B1E57 /* Info.plist */ = {isa = PBXFileReference; lastKnownFileType = text.plist.xml; path = Info.plist; sourceTree = "<group>"; };
		FD22D447289105FB003B1E57 /* WidgetKit.framework */ = {isa = PBXFileReference; lastKnownFileType = wrapper.framework; name = WidgetKit.framework; path = System/Library/Frameworks/WidgetKit.framework; sourceTree = SDKROOT; };
		FD22D449289105FB003B1E57 /* SwiftUI.framework */ = {isa = PBXFileReference; lastKnownFileType = wrapper.framework; name = SwiftUI.framework; path = System/Library/Frameworks/SwiftUI.framework; sourceTree = SDKROOT; };
		FD3661272892703C00A469D4 /* WidgetRockScreenExtension.appex */ = {isa = PBXFileReference; explicitFileType = "wrapper.app-extension"; includeInIndex = 0; path = WidgetRockScreenExtension.appex; sourceTree = BUILT_PRODUCTS_DIR; };
		FD36612B2892703D00A469D4 /* WidgetRockScreen.swift */ = {isa = PBXFileReference; lastKnownFileType = sourcecode.swift; path = WidgetRockScreen.swift; sourceTree = "<group>"; };
		FD36612D2892703D00A469D4 /* WidgetRockScreen.intentdefinition */ = {isa = PBXFileReference; lastKnownFileType = file.intentdefinition; path = WidgetRockScreen.intentdefinition; sourceTree = "<group>"; };
		FD36612E2892703E00A469D4 /* Assets.xcassets */ = {isa = PBXFileReference; lastKnownFileType = folder.assetcatalog; path = Assets.xcassets; sourceTree = "<group>"; };
		FD3661302892703E00A469D4 /* Info.plist */ = {isa = PBXFileReference; lastKnownFileType = text.plist.xml; path = Info.plist; sourceTree = "<group>"; };
/* End PBXFileReference section */

/* Begin PBXFrameworksBuildPhase section */
		FD22D42728910251003B1E57 /* Frameworks */ = {
			isa = PBXFrameworksBuildPhase;
			buildActionMask = 2147483647;
			files = (
			);
			runOnlyForDeploymentPostprocessing = 0;
		};
		FD3661242892703C00A469D4 /* Frameworks */ = {
			isa = PBXFrameworksBuildPhase;
			buildActionMask = 2147483647;
			files = (
				FD3661292892703D00A469D4 /* SwiftUI.framework in Frameworks */,
				FD3661282892703D00A469D4 /* WidgetKit.framework in Frameworks */,
			);
			runOnlyForDeploymentPostprocessing = 0;
		};
/* End PBXFrameworksBuildPhase section */

/* Begin PBXGroup section */
		FD22D42128910251003B1E57 = {
			isa = PBXGroup;
			children = (
				FD22D42C28910251003B1E57 /* RockScreenWidgetTest */,
				FD36612A2892703D00A469D4 /* WidgetRockScreen */,
				FD22D446289105FB003B1E57 /* Frameworks */,
				FD22D42B28910251003B1E57 /* Products */,
			);
			sourceTree = "<group>";
		};
		FD22D42B28910251003B1E57 /* Products */ = {
			isa = PBXGroup;
			children = (
				FD22D42A28910251003B1E57 /* RockScreenWidgetTest.app */,
				FD3661272892703C00A469D4 /* WidgetRockScreenExtension.appex */,
			);
			name = Products;
			sourceTree = "<group>";
		};
		FD22D42C28910251003B1E57 /* RockScreenWidgetTest */ = {
			isa = PBXGroup;
			children = (
				FD22D42D28910251003B1E57 /* AppDelegate.swift */,
				FD22D42F28910251003B1E57 /* SceneDelegate.swift */,
				FD22D43128910251003B1E57 /* ViewController.swift */,
				FD22D43328910251003B1E57 /* Main.storyboard */,
				FD22D43628910253003B1E57 /* Assets.xcassets */,
				FD22D43828910253003B1E57 /* LaunchScreen.storyboard */,
				FD22D43B28910253003B1E57 /* Info.plist */,
			);
			path = RockScreenWidgetTest;
			sourceTree = "<group>";
		};
		FD22D446289105FB003B1E57 /* Frameworks */ = {
			isa = PBXGroup;
			children = (
				FD22D447289105FB003B1E57 /* WidgetKit.framework */,
				FD22D449289105FB003B1E57 /* SwiftUI.framework */,
			);
			name = Frameworks;
			sourceTree = "<group>";
		};
		FD36612A2892703D00A469D4 /* WidgetRockScreen */ = {
			isa = PBXGroup;
			children = (
				FD36612B2892703D00A469D4 /* WidgetRockScreen.swift */,
				FD36612D2892703D00A469D4 /* WidgetRockScreen.intentdefinition */,
				FD36612E2892703E00A469D4 /* Assets.xcassets */,
				FD3661302892703E00A469D4 /* Info.plist */,
			);
			path = WidgetRockScreen;
			sourceTree = "<group>";
		};
/* End PBXGroup section */

/* Begin PBXNativeTarget section */
		FD22D42928910251003B1E57 /* RockScreenWidgetTest */ = {
			isa = PBXNativeTarget;
			buildConfigurationList = FD22D43E28910253003B1E57 /* Build configuration list for PBXNativeTarget "RockScreenWidgetTest" */;
			buildPhases = (
				FD22D42628910251003B1E57 /* Sources */,
				FD22D42728910251003B1E57 /* Frameworks */,
				FD22D42828910251003B1E57 /* Resources */,
				FD22D45A289105FD003B1E57 /* Embed Foundation Extensions */,
			);
			buildRules = (
			);
			dependencies = (
				FD3661342892703E00A469D4 /* PBXTargetDependency */,
			);
			name = RockScreenWidgetTest;
			productName = RockScreenWidgetTest;
			productReference = FD22D42A28910251003B1E57 /* RockScreenWidgetTest.app */;
			productType = "com.apple.product-type.application";
		};
		FD3661262892703C00A469D4 /* WidgetRockScreenExtension */ = {
			isa = PBXNativeTarget;
			buildConfigurationList = FD3661362892703F00A469D4 /* Build configuration list for PBXNativeTarget "WidgetRockScreenExtension" */;
			buildPhases = (
				FD3661232892703C00A469D4 /* Sources */,
				FD3661242892703C00A469D4 /* Frameworks */,
				FD3661252892703C00A469D4 /* Resources */,
			);
			buildRules = (
			);
			dependencies = (
			);
			name = WidgetRockScreenExtension;
			productName = WidgetRockScreenExtension;
			productReference = FD3661272892703C00A469D4 /* WidgetRockScreenExtension.appex */;
			productType = "com.apple.product-type.app-extension";
		};
/* End PBXNativeTarget section */

/* Begin PBXProject section */
		FD22D42228910251003B1E57 /* Project object */ = {
			isa = PBXProject;
			attributes = {
				BuildIndependentTargetsInParallel = 1;
				LastSwiftUpdateCheck = 1400;
				LastUpgradeCheck = 1400;
				TargetAttributes = {
					FD22D42928910251003B1E57 = {
						CreatedOnToolsVersion = 14.0;
					};
					FD3661262892703C00A469D4 = {
						CreatedOnToolsVersion = 14.0;
					};
				};
			};
			buildConfigurationList = FD22D42528910251003B1E57 /* Build configuration list for PBXProject "RockScreenWidgetTest" */;
			compatibilityVersion = "Xcode 14.0";
			developmentRegion = en;
			hasScannedForEncodings = 0;
			knownRegions = (
				en,
				Base,
			);
			mainGroup = FD22D42128910251003B1E57;
			productRefGroup = FD22D42B28910251003B1E57 /* Products */;
			projectDirPath = "";
			projectRoot = "";
			targets = (
				FD22D42928910251003B1E57 /* RockScreenWidgetTest */,
				FD3661262892703C00A469D4 /* WidgetRockScreenExtension */,
			);
		};
/* End PBXProject section */

/* Begin PBXResourcesBuildPhase section */
		FD22D42828910251003B1E57 /* Resources */ = {
			isa = PBXResourcesBuildPhase;
			buildActionMask = 2147483647;
			files = (
				FD22D43A28910253003B1E57 /* LaunchScreen.storyboard in Resources */,
				FD22D43728910253003B1E57 /* Assets.xcassets in Resources */,
				FD22D43528910251003B1E57 /* Main.storyboard in Resources */,
			);
			runOnlyForDeploymentPostprocessing = 0;
		};
		FD3661252892703C00A469D4 /* Resources */ = {
			isa = PBXResourcesBuildPhase;
			buildActionMask = 2147483647;
			files = (
				FD36612F2892703E00A469D4 /* Assets.xcassets in Resources */,
			);
			runOnlyForDeploymentPostprocessing = 0;
		};
/* End PBXResourcesBuildPhase section */

/* Begin PBXSourcesBuildPhase section */
		FD22D42628910251003B1E57 /* Sources */ = {
			isa = PBXSourcesBuildPhase;
			buildActionMask = 2147483647;
			files = (
				FD22D43228910251003B1E57 /* ViewController.swift in Sources */,
				FD22D42E28910251003B1E57 /* AppDelegate.swift in Sources */,
				FD22D43028910251003B1E57 /* SceneDelegate.swift in Sources */,
				FD3661322892703E00A469D4 /* WidgetRockScreen.intentdefinition in Sources */,
			);
			runOnlyForDeploymentPostprocessing = 0;
		};
		FD3661232892703C00A469D4 /* Sources */ = {
			isa = PBXSourcesBuildPhase;
			buildActionMask = 2147483647;
			files = (
				FD36612C2892703D00A469D4 /* WidgetRockScreen.swift in Sources */,
				FD3661312892703E00A469D4 /* WidgetRockScreen.intentdefinition in Sources */,
			);
			runOnlyForDeploymentPostprocessing = 0;
		};
/* End PBXSourcesBuildPhase section */

/* Begin PBXTargetDependency section */
		FD3661342892703E00A469D4 /* PBXTargetDependency */ = {
			isa = PBXTargetDependency;
			target = FD3661262892703C00A469D4 /* WidgetRockScreenExtension */;
			targetProxy = FD3661332892703E00A469D4 /* PBXContainerItemProxy */;
		};
/* End PBXTargetDependency section */

/* Begin PBXVariantGroup section */
		FD22D43328910251003B1E57 /* Main.storyboard */ = {
			isa = PBXVariantGroup;
			children = (
				FD22D43428910251003B1E57 /* Base */,
			);
			name = Main.storyboard;
			sourceTree = "<group>";
		};
		FD22D43828910253003B1E57 /* LaunchScreen.storyboard */ = {
			isa = PBXVariantGroup;
			children = (
				FD22D43928910253003B1E57 /* Base */,
			);
			name = LaunchScreen.storyboard;
			sourceTree = "<group>";
		};
/* End PBXVariantGroup section */

/* Begin XCBuildConfiguration section */
		FD22D43C28910253003B1E57 /* Debug */ = {
			isa = XCBuildConfiguration;
			buildSettings = {
				ALWAYS_SEARCH_USER_PATHS = NO;
				CLANG_ANALYZER_NONNULL = YES;
				CLANG_ANALYZER_NUMBER_OBJECT_CONVERSION = YES_AGGRESSIVE;
				CLANG_CXX_LANGUAGE_STANDARD = "gnu++20";
				CLANG_ENABLE_MODULES = YES;
				CLANG_ENABLE_OBJC_ARC = YES;
				CLANG_ENABLE_OBJC_WEAK = YES;
				CLANG_WARN_BLOCK_CAPTURE_AUTORELEASING = YES;
				CLANG_WARN_BOOL_CONVERSION = YES;
				CLANG_WARN_COMMA = YES;
				CLANG_WARN_CONSTANT_CONVERSION = YES;
				CLANG_WARN_DEPRECATED_OBJC_IMPLEMENTATIONS = YES;
				CLANG_WARN_DIRECT_OBJC_ISA_USAGE = YES_ERROR;
				CLANG_WARN_DOCUMENTATION_COMMENTS = YES;
				CLANG_WARN_EMPTY_BODY = YES;
				CLANG_WARN_ENUM_CONVERSION = YES;
				CLANG_WARN_INFINITE_RECURSION = YES;
				CLANG_WARN_INT_CONVERSION = YES;
				CLANG_WARN_NON_LITERAL_NULL_CONVERSION = YES;
				CLANG_WARN_OBJC_IMPLICIT_RETAIN_SELF = YES;
				CLANG_WARN_OBJC_LITERAL_CONVERSION = YES;
				CLANG_WARN_OBJC_ROOT_CLASS = YES_ERROR;
				CLANG_WARN_QUOTED_INCLUDE_IN_FRAMEWORK_HEADER = YES;
				CLANG_WARN_RANGE_LOOP_ANALYSIS = YES;
				CLANG_WARN_STRICT_PROTOTYPES = YES;
				CLANG_WARN_SUSPICIOUS_MOVE = YES;
				CLANG_WARN_UNGUARDED_AVAILABILITY = YES_AGGRESSIVE;
				CLANG_WARN_UNREACHABLE_CODE = YES;
				CLANG_WARN__DUPLICATE_METHOD_MATCH = YES;
				COPY_PHASE_STRIP = NO;
				DEBUG_INFORMATION_FORMAT = dwarf;
				ENABLE_STRICT_OBJC_MSGSEND = YES;
				ENABLE_TESTABILITY = YES;
				GCC_C_LANGUAGE_STANDARD = gnu11;
				GCC_DYNAMIC_NO_PIC = NO;
				GCC_NO_COMMON_BLOCKS = YES;
				GCC_OPTIMIZATION_LEVEL = 0;
				GCC_PREPROCESSOR_DEFINITIONS = (
					"DEBUG=1",
					"$(inherited)",
				);
				GCC_WARN_64_TO_32_BIT_CONVERSION = YES;
				GCC_WARN_ABOUT_RETURN_TYPE = YES_ERROR;
				GCC_WARN_UNDECLARED_SELECTOR = YES;
				GCC_WARN_UNINITIALIZED_AUTOS = YES_AGGRESSIVE;
				GCC_WARN_UNUSED_FUNCTION = YES;
				GCC_WARN_UNUSED_VARIABLE = YES;
				IPHONEOS_DEPLOYMENT_TARGET = 16.0;
				MTL_ENABLE_DEBUG_INFO = INCLUDE_SOURCE;
				MTL_FAST_MATH = YES;
				ONLY_ACTIVE_ARCH = YES;
				SDKROOT = iphoneos;
				SWIFT_ACTIVE_COMPILATION_CONDITIONS = DEBUG;
				SWIFT_OPTIMIZATION_LEVEL = "-Onone";
			};
			name = Debug;
		};
		FD22D43D28910253003B1E57 /* Release */ = {
			isa = XCBuildConfiguration;
			buildSettings = {
				ALWAYS_SEARCH_USER_PATHS = NO;
				CLANG_ANALYZER_NONNULL = YES;
				CLANG_ANALYZER_NUMBER_OBJECT_CONVERSION = YES_AGGRESSIVE;
				CLANG_CXX_LANGUAGE_STANDARD = "gnu++20";
				CLANG_ENABLE_MODULES = YES;
				CLANG_ENABLE_OBJC_ARC = YES;
				CLANG_ENABLE_OBJC_WEAK = YES;
				CLANG_WARN_BLOCK_CAPTURE_AUTORELEASING = YES;
				CLANG_WARN_BOOL_CONVERSION = YES;
				CLANG_WARN_COMMA = YES;
				CLANG_WARN_CONSTANT_CONVERSION = YES;
				CLANG_WARN_DEPRECATED_OBJC_IMPLEMENTATIONS = YES;
				CLANG_WARN_DIRECT_OBJC_ISA_USAGE = YES_ERROR;
				CLANG_WARN_DOCUMENTATION_COMMENTS = YES;
				CLANG_WARN_EMPTY_BODY = YES;
				CLANG_WARN_ENUM_CONVERSION = YES;
				CLANG_WARN_INFINITE_RECURSION = YES;
				CLANG_WARN_INT_CONVERSION = YES;
				CLANG_WARN_NON_LITERAL_NULL_CONVERSION = YES;
				CLANG_WARN_OBJC_IMPLICIT_RETAIN_SELF = YES;
				CLANG_WARN_OBJC_LITERAL_CONVERSION = YES;
				CLANG_WARN_OBJC_ROOT_CLASS = YES_ERROR;
				CLANG_WARN_QUOTED_INCLUDE_IN_FRAMEWORK_HEADER = YES;
				CLANG_WARN_RANGE_LOOP_ANALYSIS = YES;
				CLANG_WARN_STRICT_PROTOTYPES = YES;
				CLANG_WARN_SUSPICIOUS_MOVE = YES;
				CLANG_WARN_UNGUARDED_AVAILABILITY = YES_AGGRESSIVE;
				CLANG_WARN_UNREACHABLE_CODE = YES;
				CLANG_WARN__DUPLICATE_METHOD_MATCH = YES;
				COPY_PHASE_STRIP = NO;
				DEBUG_INFORMATION_FORMAT = "dwarf-with-dsym";
				ENABLE_NS_ASSERTIONS = NO;
				ENABLE_STRICT_OBJC_MSGSEND = YES;
				GCC_C_LANGUAGE_STANDARD = gnu11;
				GCC_NO_COMMON_BLOCKS = YES;
				GCC_WARN_64_TO_32_BIT_CONVERSION = YES;
				GCC_WARN_ABOUT_RETURN_TYPE = YES_ERROR;
				GCC_WARN_UNDECLARED_SELECTOR = YES;
				GCC_WARN_UNINITIALIZED_AUTOS = YES_AGGRESSIVE;
				GCC_WARN_UNUSED_FUNCTION = YES;
				GCC_WARN_UNUSED_VARIABLE = YES;
				IPHONEOS_DEPLOYMENT_TARGET = 16.0;
				MTL_ENABLE_DEBUG_INFO = NO;
				MTL_FAST_MATH = YES;
				SDKROOT = iphoneos;
				SWIFT_COMPILATION_MODE = wholemodule;
				SWIFT_OPTIMIZATION_LEVEL = "-O";
				VALIDATE_PRODUCT = YES;
			};
			name = Release;
		};
		FD22D43F28910253003B1E57 /* Debug */ = {
			isa = XCBuildConfiguration;
			buildSettings = {
				ALWAYS_EMBED_SWIFT_STANDARD_LIBRARIES = YES;
				ASSETCATALOG_COMPILER_APPICON_NAME = AppIcon;
				ASSETCATALOG_COMPILER_GLOBAL_ACCENT_COLOR_NAME = AccentColor;
				CODE_SIGN_STYLE = Automatic;
				CURRENT_PROJECT_VERSION = 1;
				DEVELOPMENT_TEAM = B9WD868NNN;
				GENERATE_INFOPLIST_FILE = YES;
				INFOPLIST_FILE = RockScreenWidgetTest/Info.plist;
				INFOPLIST_KEY_UIApplicationSupportsIndirectInputEvents = YES;
				INFOPLIST_KEY_UILaunchStoryboardName = LaunchScreen;
				INFOPLIST_KEY_UIMainStoryboardFile = Main;
				INFOPLIST_KEY_UISupportedInterfaceOrientations_iPad = "UIInterfaceOrientationPortrait UIInterfaceOrientationPortraitUpsideDown UIInterfaceOrientationLandscapeLeft UIInterfaceOrientationLandscapeRight";
				INFOPLIST_KEY_UISupportedInterfaceOrientations_iPhone = "UIInterfaceOrientationPortrait UIInterfaceOrientationLandscapeLeft UIInterfaceOrientationLandscapeRight";
				LD_RUNPATH_SEARCH_PATHS = (
					"$(inherited)",
					"@executable_path/Frameworks",
				);
				MARKETING_VERSION = 1.0;
				PRODUCT_BUNDLE_IDENTIFIER = emiri.RockScreenWidgetTest;
				PRODUCT_NAME = "$(TARGET_NAME)";
				SWIFT_EMIT_LOC_STRINGS = YES;
				SWIFT_VERSION = 5.0;
				TARGETED_DEVICE_FAMILY = "1,2";
			};
			name = Debug;
		};
		FD22D44028910253003B1E57 /* Release */ = {
			isa = XCBuildConfiguration;
			buildSettings = {
				ALWAYS_EMBED_SWIFT_STANDARD_LIBRARIES = YES;
				ASSETCATALOG_COMPILER_APPICON_NAME = AppIcon;
				ASSETCATALOG_COMPILER_GLOBAL_ACCENT_COLOR_NAME = AccentColor;
				CODE_SIGN_STYLE = Automatic;
				CURRENT_PROJECT_VERSION = 1;
				DEVELOPMENT_TEAM = B9WD868NNN;
				GENERATE_INFOPLIST_FILE = YES;
				INFOPLIST_FILE = RockScreenWidgetTest/Info.plist;
				INFOPLIST_KEY_UIApplicationSupportsIndirectInputEvents = YES;
				INFOPLIST_KEY_UILaunchStoryboardName = LaunchScreen;
				INFOPLIST_KEY_UIMainStoryboardFile = Main;
				INFOPLIST_KEY_UISupportedInterfaceOrientations_iPad = "UIInterfaceOrientationPortrait UIInterfaceOrientationPortraitUpsideDown UIInterfaceOrientationLandscapeLeft UIInterfaceOrientationLandscapeRight";
				INFOPLIST_KEY_UISupportedInterfaceOrientations_iPhone = "UIInterfaceOrientationPortrait UIInterfaceOrientationLandscapeLeft UIInterfaceOrientationLandscapeRight";
				LD_RUNPATH_SEARCH_PATHS = (
					"$(inherited)",
					"@executable_path/Frameworks",
				);
				MARKETING_VERSION = 1.0;
				PRODUCT_BUNDLE_IDENTIFIER = emiri.RockScreenWidgetTest;
				PRODUCT_NAME = "$(TARGET_NAME)";
				SWIFT_EMIT_LOC_STRINGS = YES;
				SWIFT_VERSION = 5.0;
				TARGETED_DEVICE_FAMILY = "1,2";
			};
			name = Release;
		};
		FD3661372892703F00A469D4 /* Debug */ = {
			isa = XCBuildConfiguration;
			buildSettings = {
				ASSETCATALOG_COMPILER_GLOBAL_ACCENT_COLOR_NAME = AccentColor;
				ASSETCATALOG_COMPILER_WIDGET_BACKGROUND_COLOR_NAME = WidgetBackground;
				CODE_SIGN_STYLE = Automatic;
				CURRENT_PROJECT_VERSION = 1;
				DEVELOPMENT_TEAM = B9WD868NNN;
				GENERATE_INFOPLIST_FILE = YES;
				INFOPLIST_FILE = WidgetRockScreen/Info.plist;
				INFOPLIST_KEY_CFBundleDisplayName = WidgetRockScreen;
				INFOPLIST_KEY_NSHumanReadableCopyright = "";
				LD_RUNPATH_SEARCH_PATHS = (
					"$(inherited)",
					"@executable_path/Frameworks",
					"@executable_path/../../Frameworks",
				);
				MARKETING_VERSION = 1.0;
				PRODUCT_BUNDLE_IDENTIFIER = emiri.RockScreenWidgetTest.WidgetRockScreen;
				PRODUCT_NAME = "$(TARGET_NAME)";
				SKIP_INSTALL = YES;
				SWIFT_EMIT_LOC_STRINGS = YES;
				SWIFT_VERSION = 5.0;
				TARGETED_DEVICE_FAMILY = "1,2";
			};
			name = Debug;
		};
		FD3661382892703F00A469D4 /* Release */ = {
			isa = XCBuildConfiguration;
			buildSettings = {
				ASSETCATALOG_COMPILER_GLOBAL_ACCENT_COLOR_NAME = AccentColor;
				ASSETCATALOG_COMPILER_WIDGET_BACKGROUND_COLOR_NAME = WidgetBackground;
				CODE_SIGN_STYLE = Automatic;
				CURRENT_PROJECT_VERSION = 1;
				DEVELOPMENT_TEAM = B9WD868NNN;
				GENERATE_INFOPLIST_FILE = YES;
				INFOPLIST_FILE = WidgetRockScreen/Info.plist;
				INFOPLIST_KEY_CFBundleDisplayName = WidgetRockScreen;
				INFOPLIST_KEY_NSHumanReadableCopyright = "";
				LD_RUNPATH_SEARCH_PATHS = (
					"$(inherited)",
					"@executable_path/Frameworks",
					"@executable_path/../../Frameworks",
				);
				MARKETING_VERSION = 1.0;
				PRODUCT_BUNDLE_IDENTIFIER = emiri.RockScreenWidgetTest.WidgetRockScreen;
				PRODUCT_NAME = "$(TARGET_NAME)";
				SKIP_INSTALL = YES;
				SWIFT_EMIT_LOC_STRINGS = YES;
				SWIFT_VERSION = 5.0;
				TARGETED_DEVICE_FAMILY = "1,2";
			};
			name = Release;
		};
/* End XCBuildConfiguration section */

/* Begin XCConfigurationList section */
		FD22D42528910251003B1E57 /* Build configuration list for PBXProject "RockScreenWidgetTest" */ = {
			isa = XCConfigurationList;
			buildConfigurations = (
				FD22D43C28910253003B1E57 /* Debug */,
				FD22D43D28910253003B1E57 /* Release */,
			);
			defaultConfigurationIsVisible = 0;
			defaultConfigurationName = Release;
		};
		FD22D43E28910253003B1E57 /* Build configuration list for PBXNativeTarget "RockScreenWidgetTest" */ = {
			isa = XCConfigurationList;
			buildConfigurations = (
				FD22D43F28910253003B1E57 /* Debug */,
				FD22D44028910253003B1E57 /* Release */,
			);
			defaultConfigurationIsVisible = 0;
			defaultConfigurationName = Release;
		};
		FD3661362892703F00A469D4 /* Build configuration list for PBXNativeTarget "WidgetRockScreenExtension" */ = {
			isa = XCConfigurationList;
			buildConfigurations = (
				FD3661372892703F00A469D4 /* Debug */,
				FD3661382892703F00A469D4 /* Release */,
			);
			defaultConfigurationIsVisible = 0;
			defaultConfigurationName = Release;
		};
/* End XCConfigurationList section */
	};
	rootObject = FD22D42228910251003B1E57 /* Project object */;
}
